// !$*UTF8*$!
{
	archiveVersion = 1;
	classes = {
	};
	objectVersion = 56;
	objects = {

/* Begin PBXBuildFile section */
		C7750FE62B9C63B000E0472D /* database.xcdatamodeld in Sources */ = {isa = PBXBuildFile; fileRef = C7750FE42B9C63B000E0472D /* database.xcdatamodeld */; };
		C7DF74FF2B9B671B0050F961 /* AppDelegate.swift in Sources */ = {isa = PBXBuildFile; fileRef = C7DF74FE2B9B671B0050F961 /* AppDelegate.swift */; };
		C7DF75012B9B671B0050F961 /* SceneDelegate.swift in Sources */ = {isa = PBXBuildFile; fileRef = C7DF75002B9B671B0050F961 /* SceneDelegate.swift */; };
		C7DF75032B9B671B0050F961 /* ViewController.swift in Sources */ = {isa = PBXBuildFile; fileRef = C7DF75022B9B671B0050F961 /* ViewController.swift */; };
		C7DF75062B9B671B0050F961 /* Base in Resources */ = {isa = PBXBuildFile; fileRef = C7DF75052B9B671B0050F961 /* Base */; };
		C7DF75082B9B671C0050F961 /* Assets.xcassets in Resources */ = {isa = PBXBuildFile; fileRef = C7DF75072B9B671C0050F961 /* Assets.xcassets */; };
		C7DF750B2B9B671C0050F961 /* Base in Resources */ = {isa = PBXBuildFile; fileRef = C7DF750A2B9B671C0050F961 /* Base */; };
		C7DF75132B9B77FB0050F961 /* loginViewController.swift in Sources */ = {isa = PBXBuildFile; fileRef = C7DF75122B9B77FB0050F961 /* loginViewController.swift */; };
		C7DF75152B9B78720050F961 /* TableViewController.swift in Sources */ = {isa = PBXBuildFile; fileRef = C7DF75142B9B78720050F961 /* TableViewController.swift */; };
		C7DF75172B9B8B130050F961 /* TableTableViewCell.swift in Sources */ = {isa = PBXBuildFile; fileRef = C7DF75162B9B8B130050F961 /* TableTableViewCell.swift */; };
/* End PBXBuildFile section */

/* Begin PBXFileReference section */
		C7750FE52B9C63B000E0472D /* database.xcdatamodel */ = {isa = PBXFileReference; lastKnownFileType = wrapper.xcdatamodel; path = database.xcdatamodel; sourceTree = "<group>"; };
		C7DF74FB2B9B671B0050F961 /* Login_Demo.app */ = {isa = PBXFileReference; explicitFileType = wrapper.application; includeInIndex = 0; path = Login_Demo.app; sourceTree = BUILT_PRODUCTS_DIR; };
		C7DF74FE2B9B671B0050F961 /* AppDelegate.swift */ = {isa = PBXFileReference; lastKnownFileType = sourcecode.swift; path = AppDelegate.swift; sourceTree = "<group>"; };
		C7DF75002B9B671B0050F961 /* SceneDelegate.swift */ = {isa = PBXFileReference; lastKnownFileType = sourcecode.swift; path = SceneDelegate.swift; sourceTree = "<group>"; };
		C7DF75022B9B671B0050F961 /* ViewController.swift */ = {isa = PBXFileReference; lastKnownFileType = sourcecode.swift; path = ViewController.swift; sourceTree = "<group>"; };
		C7DF75052B9B671B0050F961 /* Base */ = {isa = PBXFileReference; lastKnownFileType = file.storyboard; name = Base; path = Base.lproj/Main.storyboard; sourceTree = "<group>"; };
		C7DF75072B9B671C0050F961 /* Assets.xcassets */ = {isa = PBXFileReference; lastKnownFileType = folder.assetcatalog; path = Assets.xcassets; sourceTree = "<group>"; };
		C7DF750A2B9B671C0050F961 /* Base */ = {isa = PBXFileReference; lastKnownFileType = file.storyboard; name = Base; path = Base.lproj/LaunchScreen.storyboard; sourceTree = "<group>"; };
		C7DF750C2B9B671C0050F961 /* Info.plist */ = {isa = PBXFileReference; lastKnownFileType = text.plist.xml; path = Info.plist; sourceTree = "<group>"; };
		C7DF75122B9B77FB0050F961 /* loginViewController.swift */ = {isa = PBXFileReference; lastKnownFileType = sourcecode.swift; path = loginViewController.swift; sourceTree = "<group>"; };
		C7DF75142B9B78720050F961 /* TableViewController.swift */ = {isa = PBXFileReference; lastKnownFileType = sourcecode.swift; path = TableViewController.swift; sourceTree = "<group>"; };
		C7DF75162B9B8B130050F961 /* TableTableViewCell.swift */ = {isa = PBXFileReference; lastKnownFileType = sourcecode.swift; path = TableTableViewCell.swift; sourceTree = "<group>"; };
/* End PBXFileReference section */

/* Begin PBXFrameworksBuildPhase section */
		C7DF74F82B9B671B0050F961 /* Frameworks */ = {
			isa = PBXFrameworksBuildPhase;
			buildActionMask = 2147483647;
			files = (
			);
			runOnlyForDeploymentPostprocessing = 0;
		};
/* End PBXFrameworksBuildPhase section */

/* Begin PBXGroup section */
		C7DF74F22B9B671B0050F961 = {
			isa = PBXGroup;
			children = (
				C7DF75142B9B78720050F961 /* TableViewController.swift */,
				C7DF75122B9B77FB0050F961 /* loginViewController.swift */,
				C7750FE42B9C63B000E0472D /* database.xcdatamodeld */,
				C7DF74FD2B9B671B0050F961 /* Login_Demo */,
				C7DF74FC2B9B671B0050F961 /* Products */,
			);
			sourceTree = "<group>";
		};
		C7DF74FC2B9B671B0050F961 /* Products */ = {
			isa = PBXGroup;
			children = (
				C7DF74FB2B9B671B0050F961 /* Login_Demo.app */,
			);
			name = Products;
			sourceTree = "<group>";
		};
		C7DF74FD2B9B671B0050F961 /* Login_Demo */ = {
			isa = PBXGroup;
			children = (
				C7DF74FE2B9B671B0050F961 /* AppDelegate.swift */,
				C7DF75002B9B671B0050F961 /* SceneDelegate.swift */,
				C7DF75022B9B671B0050F961 /* ViewController.swift */,
				C7DF75042B9B671B0050F961 /* Main.storyboard */,
				C7DF75162B9B8B130050F961 /* TableTableViewCell.swift */,
				C7DF75072B9B671C0050F961 /* Assets.xcassets */,
				C7DF75092B9B671C0050F961 /* LaunchScreen.storyboard */,
				C7DF750C2B9B671C0050F961 /* Info.plist */,
			);
			path = Login_Demo;
			sourceTree = "<group>";
		};
/* End PBXGroup section */

/* Begin PBXNativeTarget section */
		C7DF74FA2B9B671B0050F961 /* Login_Demo */ = {
			isa = PBXNativeTarget;
			buildConfigurationList = C7DF750F2B9B671C0050F961 /* Build configuration list for PBXNativeTarget "Login_Demo" */;
			buildPhases = (
				C7DF74F72B9B671B0050F961 /* Sources */,
				C7DF74F82B9B671B0050F961 /* Frameworks */,
				C7DF74F92B9B671B0050F961 /* Resources */,
			);
			buildRules = (
			);
			dependencies = (
			);
			name = Login_Demo;
			productName = Login_Demo;
			productReference = C7DF74FB2B9B671B0050F961 /* Login_Demo.app */;
			productType = "com.apple.product-type.application";
		};
/* End PBXNativeTarget section */

/* Begin PBXProject section */
		C7DF74F32B9B671B0050F961 /* Project object */ = {
			isa = PBXProject;
			attributes = {
				BuildIndependentTargetsInParallel = 1;
				LastSwiftUpdateCheck = 1530;
				LastUpgradeCheck = 1530;
				TargetAttributes = {
					C7DF74FA2B9B671B0050F961 = {
						CreatedOnToolsVersion = 15.3;
					};
				};
			};
			buildConfigurationList = C7DF74F62B9B671B0050F961 /* Build configuration list for PBXProject "Login_Demo" */;
			compatibilityVersion = "Xcode 14.0";
			developmentRegion = en;
			hasScannedForEncodings = 0;
			knownRegions = (
				en,
				Base,
			);
			mainGroup = C7DF74F22B9B671B0050F961;
			productRefGroup = C7DF74FC2B9B671B0050F961 /* Products */;
			projectDirPath = "";
			projectRoot = "";
			targets = (
				C7DF74FA2B9B671B0050F961 /* Login_Demo */,
			);
		};
/* End PBXProject section */

/* Begin PBXResourcesBuildPhase section */
		C7DF74F92B9B671B0050F961 /* Resources */ = {
			isa = PBXResourcesBuildPhase;
			buildActionMask = 2147483647;
			files = (
				C7DF75082B9B671C0050F961 /* Assets.xcassets in Resources */,
				C7DF750B2B9B671C0050F961 /* Base in Resources */,
				C7DF75062B9B671B0050F961 /* Base in Resources */,
			);
			runOnlyForDeploymentPostprocessing = 0;
		};
/* End PBXResourcesBuildPhase section */

/* Begin PBXSourcesBuildPhase section */
		C7DF74F72B9B671B0050F961 /* Sources */ = {
			isa = PBXSourcesBuildPhase;
			buildActionMask = 2147483647;
			files = (
				C7DF75132B9B77FB0050F961 /* loginViewController.swift in Sources */,
				C7DF75032B9B671B0050F961 /* ViewController.swift in Sources */,
				C7DF75172B9B8B130050F961 /* TableTableViewCell.swift in Sources */,
				C7DF74FF2B9B671B0050F961 /* AppDelegate.swift in Sources */,
				C7DF75152B9B78720050F961 /* TableViewController.swift in Sources */,
				C7DF75012B9B671B0050F961 /* SceneDelegate.swift in Sources */,
				C7750FE62B9C63B000E0472D /* database.xcdatamodeld in Sources */,
			);
			runOnlyForDeploymentPostprocessing = 0;
		};
/* End PBXSourcesBuildPhase section */

/* Begin PBXVariantGroup section */
		C7DF75042B9B671B0050F961 /* Main.storyboard */ = {
			isa = PBXVariantGroup;
			children = (
				C7DF75052B9B671B0050F961 /* Base */,
			);
			name = Main.storyboard;
			sourceTree = "<group>";
		};
		C7DF75092B9B671C0050F961 /* LaunchScreen.storyboard */ = {
			isa = PBXVariantGroup;
			children = (
				C7DF750A2B9B671C0050F961 /* Base */,
			);
			name = LaunchScreen.storyboard;
			sourceTree = "<group>";
		};
/* End PBXVariantGroup section */

/* Begin XCBuildConfiguration section */
		C7DF750D2B9B671C0050F961 /* Debug */ = {
			isa = XCBuildConfiguration;
			buildSettings = {
				ALWAYS_SEARCH_USER_PATHS = NO;
				ASSETCATALOG_COMPILER_GENERATE_SWIFT_ASSET_SYMBOL_EXTENSIONS = YES;
				CLANG_ANALYZER_NONNULL = YES;
				CLANG_ANALYZER_NUMBER_OBJECT_CONVERSION = YES_AGGRESSIVE;
				CLANG_CXX_LANGUAGE_STANDARD = "gnu++20";
				CLANG_ENABLE_MODULES = YES;
				CLANG_ENABLE_OBJC_ARC = YES;
				CLANG_ENABLE_OBJC_WEAK = YES;
				CLANG_WARN_BLOCK_CAPTURE_AUTORELEASING = YES;
				CLANG_WARN_BOOL_CONVERSION = YES;
				CLANG_WARN_COMMA = YES;
				CLANG_WARN_CONSTANT_CONVERSION = YES;
				CLANG_WARN_DEPRECATED_OBJC_IMPLEMENTATIONS = YES;
				CLANG_WARN_DIRECT_OBJC_ISA_USAGE = YES_ERROR;
				CLANG_WARN_DOCUMENTATION_COMMENTS = YES;
				CLANG_WARN_EMPTY_BODY = YES;
				CLANG_WARN_ENUM_CONVERSION = YES;
				CLANG_WARN_INFINITE_RECURSION = YES;
				CLANG_WARN_INT_CONVERSION = YES;
				CLANG_WARN_NON_LITERAL_NULL_CONVERSION = YES;
				CLANG_WARN_OBJC_IMPLICIT_RETAIN_SELF = YES;
				CLANG_WARN_OBJC_LITERAL_CONVERSION = YES;
				CLANG_WARN_OBJC_ROOT_CLASS = YES_ERROR;
				CLANG_WARN_QUOTED_INCLUDE_IN_FRAMEWORK_HEADER = YES;
				CLANG_WARN_RANGE_LOOP_ANALYSIS = YES;
				CLANG_WARN_STRICT_PROTOTYPES = YES;
				CLANG_WARN_SUSPICIOUS_MOVE = YES;
				CLANG_WARN_UNGUARDED_AVAILABILITY = YES_AGGRESSIVE;
				CLANG_WARN_UNREACHABLE_CODE = YES;
				CLANG_WARN__DUPLICATE_METHOD_MATCH = YES;
				COPY_PHASE_STRIP = NO;
				DEBUG_INFORMATION_FORMAT = dwarf;
				ENABLE_STRICT_OBJC_MSGSEND = YES;
				ENABLE_TESTABILITY = YES;
				ENABLE_USER_SCRIPT_SANDBOXING = YES;
				GCC_C_LANGUAGE_STANDARD = gnu17;
				GCC_DYNAMIC_NO_PIC = NO;
				GCC_NO_COMMON_BLOCKS = YES;
				GCC_OPTIMIZATION_LEVEL = 0;
				GCC_PREPROCESSOR_DEFINITIONS = (
					"DEBUG=1",
					"$(inherited)",
				);
				GCC_WARN_64_TO_32_BIT_CONVERSION = YES;
				GCC_WARN_ABOUT_RETURN_TYPE = YES_ERROR;
				GCC_WARN_UNDECLARED_SELECTOR = YES;
				GCC_WARN_UNINITIALIZED_AUTOS = YES_AGGRESSIVE;
				GCC_WARN_UNUSED_FUNCTION = YES;
				GCC_WARN_UNUSED_VARIABLE = YES;
				IPHONEOS_DEPLOYMENT_TARGET = 17.4;
				LOCALIZATION_PREFERS_STRING_CATALOGS = YES;
				MTL_ENABLE_DEBUG_INFO = INCLUDE_SOURCE;
				MTL_FAST_MATH = YES;
				ONLY_ACTIVE_ARCH = YES;
				SDKROOT = iphoneos;
				SWIFT_ACTIVE_COMPILATION_CONDITIONS = "DEBUG $(inherited)";
				SWIFT_OPTIMIZATION_LEVEL = "-Onone";
			};
			name = Debug;
		};
		C7DF750E2B9B671C0050F961 /* Release */ = {
			isa = XCBuildConfiguration;
			buildSettings = {
				ALWAYS_SEARCH_USER_PATHS = NO;
				ASSETCATALOG_COMPILER_GENERATE_SWIFT_ASSET_SYMBOL_EXTENSIONS = YES;
				CLANG_ANALYZER_NONNULL = YES;
				CLANG_ANALYZER_NUMBER_OBJECT_CONVERSION = YES_AGGRESSIVE;
				CLANG_CXX_LANGUAGE_STANDARD = "gnu++20";
				CLANG_ENABLE_MODULES = YES;
				CLANG_ENABLE_OBJC_ARC = YES;
				CLANG_ENABLE_OBJC_WEAK = YES;
				CLANG_WARN_BLOCK_CAPTURE_AUTORELEASING = YES;
				CLANG_WARN_BOOL_CONVERSION = YES;
				CLANG_WARN_COMMA = YES;
				CLANG_WARN_CONSTANT_CONVERSION = YES;
				CLANG_WARN_DEPRECATED_OBJC_IMPLEMENTATIONS = YES;
				CLANG_WARN_DIRECT_OBJC_ISA_USAGE = YES_ERROR;
				CLANG_WARN_DOCUMENTATION_COMMENTS = YES;
				CLANG_WARN_EMPTY_BODY = YES;
				CLANG_WARN_ENUM_CONVERSION = YES;
				CLANG_WARN_INFINITE_RECURSION = YES;
				CLANG_WARN_INT_CONVERSION = YES;
				CLANG_WARN_NON_LITERAL_NULL_CONVERSION = YES;
				CLANG_WARN_OBJC_IMPLICIT_RETAIN_SELF = YES;
				CLANG_WARN_OBJC_LITERAL_CONVERSION = YES;
				CLANG_WARN_OBJC_ROOT_CLASS = YES_ERROR;
				CLANG_WARN_QUOTED_INCLUDE_IN_FRAMEWORK_HEADER = YES;
				CLANG_WARN_RANGE_LOOP_ANALYSIS = YES;
				CLANG_WARN_STRICT_PROTOTYPES = YES;
				CLANG_WARN_SUSPICIOUS_MOVE = YES;
				CLANG_WARN_UNGUARDED_AVAILABILITY = YES_AGGRESSIVE;
				CLANG_WARN_UNREACHABLE_CODE = YES;
				CLANG_WARN__DUPLICATE_METHOD_MATCH = YES;
				COPY_PHASE_STRIP = NO;
				DEBUG_INFORMATION_FORMAT = "dwarf-with-dsym";
				ENABLE_NS_ASSERTIONS = NO;
				ENABLE_STRICT_OBJC_MSGSEND = YES;
				ENABLE_USER_SCRIPT_SANDBOXING = YES;
				GCC_C_LANGUAGE_STANDARD = gnu17;
				GCC_NO_COMMON_BLOCKS = YES;
				GCC_WARN_64_TO_32_BIT_CONVERSION = YES;
				GCC_WARN_ABOUT_RETURN_TYPE = YES_ERROR;
				GCC_WARN_UNDECLARED_SELECTOR = YES;
				GCC_WARN_UNINITIALIZED_AUTOS = YES_AGGRESSIVE;
				GCC_WARN_UNUSED_FUNCTION = YES;
				GCC_WARN_UNUSED_VARIABLE = YES;
				IPHONEOS_DEPLOYMENT_TARGET = 17.4;
				LOCALIZATION_PREFERS_STRING_CATALOGS = YES;
				MTL_ENABLE_DEBUG_INFO = NO;
				MTL_FAST_MATH = YES;
				SDKROOT = iphoneos;
				SWIFT_COMPILATION_MODE = wholemodule;
				VALIDATE_PRODUCT = YES;
			};
			name = Release;
		};
		C7DF75102B9B671C0050F961 /* Debug */ = {
			isa = XCBuildConfiguration;
			buildSettings = {
				ASSETCATALOG_COMPILER_APPICON_NAME = AppIcon;
				ASSETCATALOG_COMPILER_GLOBAL_ACCENT_COLOR_NAME = AccentColor;
				CODE_SIGN_STYLE = Automatic;
				CURRENT_PROJECT_VERSION = 1;
				GENERATE_INFOPLIST_FILE = YES;
				INFOPLIST_FILE = Login_Demo/Info.plist;
				INFOPLIST_KEY_UIApplicationSupportsIndirectInputEvents = YES;
				INFOPLIST_KEY_UILaunchStoryboardName = LaunchScreen;
				INFOPLIST_KEY_UIMainStoryboardFile = Main;
				INFOPLIST_KEY_UISupportedInterfaceOrientations_iPad = "UIInterfaceOrientationPortrait UIInterfaceOrientationPortraitUpsideDown UIInterfaceOrientationLandscapeLeft UIInterfaceOrientationLandscapeRight";
				INFOPLIST_KEY_UISupportedInterfaceOrientations_iPhone = "UIInterfaceOrientationPortrait UIInterfaceOrientationLandscapeLeft UIInterfaceOrientationLandscapeRight";
				LD_RUNPATH_SEARCH_PATHS = (
					"$(inherited)",
					"@executable_path/Frameworks",
				);
				MARKETING_VERSION = 1.0;
				PRODUCT_BUNDLE_IDENTIFIER = "practice.Login-Demo";
				PRODUCT_NAME = "$(TARGET_NAME)";
				SWIFT_EMIT_LOC_STRINGS = YES;
				SWIFT_VERSION = 5.0;
				TARGETED_DEVICE_FAMILY = "1,2";
			};
			name = Debug;
		};
		C7DF75112B9B671C0050F961 /* Release */ = {
			isa = XCBuildConfiguration;
			buildSettings = {
				ASSETCATALOG_COMPILER_APPICON_NAME = AppIcon;
				ASSETCATALOG_COMPILER_GLOBAL_ACCENT_COLOR_NAME = AccentColor;
				CODE_SIGN_STYLE = Automatic;
				CURRENT_PROJECT_VERSION = 1;
				GENERATE_INFOPLIST_FILE = YES;
				INFOPLIST_FILE = Login_Demo/Info.plist;
				INFOPLIST_KEY_UIApplicationSupportsIndirectInputEvents = YES;
				INFOPLIST_KEY_UILaunchStoryboardName = LaunchScreen;
				INFOPLIST_KEY_UIMainStoryboardFile = Main;
				INFOPLIST_KEY_UISupportedInterfaceOrientations_iPad = "UIInterfaceOrientationPortrait UIInterfaceOrientationPortraitUpsideDown UIInterfaceOrientationLandscapeLeft UIInterfaceOrientationLandscapeRight";
				INFOPLIST_KEY_UISupportedInterfaceOrientations_iPhone = "UIInterfaceOrientationPortrait UIInterfaceOrientationLandscapeLeft UIInterfaceOrientationLandscapeRight";
				LD_RUNPATH_SEARCH_PATHS = (
					"$(inherited)",
					"@executable_path/Frameworks",
				);
				MARKETING_VERSION = 1.0;
				PRODUCT_BUNDLE_IDENTIFIER = "practice.Login-Demo";
				PRODUCT_NAME = "$(TARGET_NAME)";
				SWIFT_EMIT_LOC_STRINGS = YES;
				SWIFT_VERSION = 5.0;
				TARGETED_DEVICE_FAMILY = "1,2";
			};
			name = Release;
		};
/* End XCBuildConfiguration section */

/* Begin XCConfigurationList section */
		C7DF74F62B9B671B0050F961 /* Build configuration list for PBXProject "Login_Demo" */ = {
			isa = XCConfigurationList;
			buildConfigurations = (
				C7DF750D2B9B671C0050F961 /* Debug */,
				C7DF750E2B9B671C0050F961 /* Release */,
			);
			defaultConfigurationIsVisible = 0;
			defaultConfigurationName = Release;
		};
		C7DF750F2B9B671C0050F961 /* Build configuration list for PBXNativeTarget "Login_Demo" */ = {
			isa = XCConfigurationList;
			buildConfigurations = (
				C7DF75102B9B671C0050F961 /* Debug */,
				C7DF75112B9B671C0050F961 /* Release */,
			);
			defaultConfigurationIsVisible = 0;
			defaultConfigurationName = Release;
		};
/* End XCConfigurationList section */

/* Begin XCVersionGroup section */
		C7750FE42B9C63B000E0472D /* database.xcdatamodeld */ = {
			isa = XCVersionGroup;
			children = (
				C7750FE52B9C63B000E0472D /* database.xcdatamodel */,
			);
			currentVersion = C7750FE52B9C63B000E0472D /* database.xcdatamodel */;
			name = database.xcdatamodeld;
			path = /Users/mohdzunaidali/Desktop/kadir/Login_Demo/database.xcdatamodeld;
			sourceTree = "<group>";
			versionGroupType = wrapper.xcdatamodel;
		};
/* End XCVersionGroup section */
	};
	rootObject = C7DF74F32B9B671B0050F961 /* Project object */;
}
